
Microsoft Visual Studio Solution File, Format Version 12.00
Project("{FAE04EC0-301F-11D3-BF4B-00C04F79EFBC}") = "Design Patterns", "Design Patterns\Design Patterns.csproj", "{D2C238FA-4920-4EF8-8FCE-D8FC834F50BE}"
EndProject
Project("{FAE04EC0-301F-11D3-BF4B-00C04F79EFBC}") = "Factory", "Factory\Factory.csproj", "{51E93E6A-971A-467B-B969-63061FA1852C}"
EndProject
Project("{FAE04EC0-301F-11D3-BF4B-00C04F79EFBC}") = "Builder", "Builder\Builder.csproj", "{A70AE32F-77B4-438E-B121-4C3B4092754C}"
EndProject
Project("{FAE04EC0-301F-11D3-BF4B-00C04F79EFBC}") = "Prototype", "Prototype\Prototype.csproj", "{A4370106-F7C0-4190-8444-95E032DAA599}"
EndProject
Project("{FAE04EC0-301F-11D3-BF4B-00C04F79EFBC}") = "Singleton", "Singleton\Singleton.csproj", "{30297822-B406-42F8-BC56-D2A7F21128C0}"
EndProject
Project("{FAE04EC0-301F-11D3-BF4B-00C04F79EFBC}") = "Adapter", "Adapter\Adapter.csproj", "{1095686C-62E8-446C-A245-2AEAE6E6E416}"
EndProject
Global
	GlobalSection(SolutionConfigurationPlatforms) = preSolution
		Debug|Any CPU = Debug|Any CPU
		Release|Any CPU = Release|Any CPU
	EndGlobalSection
	GlobalSection(ProjectConfigurationPlatforms) = postSolution
		{D2C238FA-4920-4EF8-8FCE-D8FC834F50BE}.Debug|Any CPU.ActiveCfg = Debug|Any CPU
		{D2C238FA-4920-4EF8-8FCE-D8FC834F50BE}.Debug|Any CPU.Build.0 = Debug|Any CPU
		{D2C238FA-4920-4EF8-8FCE-D8FC834F50BE}.Release|Any CPU.ActiveCfg = Release|Any CPU
		{D2C238FA-4920-4EF8-8FCE-D8FC834F50BE}.Release|Any CPU.Build.0 = Release|Any CPU
		{51E93E6A-971A-467B-B969-63061FA1852C}.Debug|Any CPU.ActiveCfg = Debug|Any CPU
		{51E93E6A-971A-467B-B969-63061FA1852C}.Debug|Any CPU.Build.0 = Debug|Any CPU
		{51E93E6A-971A-467B-B969-63061FA1852C}.Release|Any CPU.ActiveCfg = Release|Any CPU
		{51E93E6A-971A-467B-B969-63061FA1852C}.Release|Any CPU.Build.0 = Release|Any CPU
		{A70AE32F-77B4-438E-B121-4C3B4092754C}.Debug|Any CPU.ActiveCfg = Debug|Any CPU
		{A70AE32F-77B4-438E-B121-4C3B4092754C}.Debug|Any CPU.Build.0 = Debug|Any CPU
		{A70AE32F-77B4-438E-B121-4C3B4092754C}.Release|Any CPU.ActiveCfg = Release|Any CPU
		{A70AE32F-77B4-438E-B121-4C3B4092754C}.Release|Any CPU.Build.0 = Release|Any CPU
		{A4370106-F7C0-4190-8444-95E032DAA599}.Debug|Any CPU.ActiveCfg = Debug|Any CPU
		{A4370106-F7C0-4190-8444-95E032DAA599}.Debug|Any CPU.Build.0 = Debug|Any CPU
		{A4370106-F7C0-4190-8444-95E032DAA599}.Release|Any CPU.ActiveCfg = Release|Any CPU
		{A4370106-F7C0-4190-8444-95E032DAA599}.Release|Any CPU.Build.0 = Release|Any CPU
		{30297822-B406-42F8-BC56-D2A7F21128C0}.Debug|Any CPU.ActiveCfg = Debug|Any CPU
		{30297822-B406-42F8-BC56-D2A7F21128C0}.Debug|Any CPU.Build.0 = Debug|Any CPU
		{30297822-B406-42F8-BC56-D2A7F21128C0}.Release|Any CPU.ActiveCfg = Release|Any CPU
		{30297822-B406-42F8-BC56-D2A7F21128C0}.Release|Any CPU.Build.0 = Release|Any CPU
		{1095686C-62E8-446C-A245-2AEAE6E6E416}.Debug|Any CPU.ActiveCfg = Debug|Any CPU
		{1095686C-62E8-446C-A245-2AEAE6E6E416}.Debug|Any CPU.Build.0 = Debug|Any CPU
		{1095686C-62E8-446C-A245-2AEAE6E6E416}.Release|Any CPU.ActiveCfg = Release|Any CPU
		{1095686C-62E8-446C-A245-2AEAE6E6E416}.Release|Any CPU.Build.0 = Release|Any CPU
	EndGlobalSection
EndGlobal
